
Microsoft Visual Studio Solution File, Format Version 12.00
# Visual Studio Version 16
VisualStudioVersion = 16.0.29230.47
MinimumVisualStudioVersion = 10.0.40219.1
Project("{FAE04EC0-301F-11D3-BF4B-00C04F79EFBC}") = "MLG_BudgetGuide.BL", "MLG_BudgetGuide.BL\MLG_BudgetGuide.BL.csproj", "{25D98052-DC2F-4222-9688-7E36309EECFE}"
EndProject
Project("{FAE04EC0-301F-11D3-BF4B-00C04F79EFBC}") = "MLG_BudgetGuide.CMD", "MLG_BudgetGuide.CMD\MLG_BudgetGuide.CMD.csproj", "{D268AB4A-97C8-42ED-876A-4E03B8D73594}"
EndProject
Project("{54435603-DBB4-11D2-8724-00A0C9A8B90C}") = "Setup", "Setup\Setup.vdproj", "{D9829D03-AF16-4100-AFC4-020BDA951417}"
EndProject
Global
	GlobalSection(SolutionConfigurationPlatforms) = preSolution
		Debug|Any CPU = Debug|Any CPU
		Release|Any CPU = Release|Any CPU
	EndGlobalSection
	GlobalSection(ProjectConfigurationPlatforms) = postSolution
		{25D98052-DC2F-4222-9688-7E36309EECFE}.Debug|Any CPU.ActiveCfg = Debug|Any CPU
		{25D98052-DC2F-4222-9688-7E36309EECFE}.Debug|Any CPU.Build.0 = Debug|Any CPU
		{25D98052-DC2F-4222-9688-7E36309EECFE}.Release|Any CPU.ActiveCfg = Release|Any CPU
		{25D98052-DC2F-4222-9688-7E36309EECFE}.Release|Any CPU.Build.0 = Release|Any CPU
		{D268AB4A-97C8-42ED-876A-4E03B8D73594}.Debug|Any CPU.ActiveCfg = Debug|Any CPU
		{D268AB4A-97C8-42ED-876A-4E03B8D73594}.Debug|Any CPU.Build.0 = Debug|Any CPU
		{D268AB4A-97C8-42ED-876A-4E03B8D73594}.Release|Any CPU.ActiveCfg = Release|Any CPU
		{D268AB4A-97C8-42ED-876A-4E03B8D73594}.Release|Any CPU.Build.0 = Release|Any CPU
		{D9829D03-AF16-4100-AFC4-020BDA951417}.Debug|Any CPU.ActiveCfg = Debug
		{D9829D03-AF16-4100-AFC4-020BDA951417}.Release|Any CPU.ActiveCfg = Release
	EndGlobalSection
	GlobalSection(SolutionProperties) = preSolution
		HideSolutionNode = FALSE
	EndGlobalSection
	GlobalSection(ExtensibilityGlobals) = postSolution
		SolutionGuid = {2A09D071-6E54-4D91-A07A-E8A6A1966149}
	EndGlobalSection
EndGlobal
